// !$*UTF8*$!
{
	archiveVersion = 1;
	classes = {
	};
	objectVersion = 55;
	objects = {

/* Begin PBXBuildFile section */
		3DD0CE673D92A8433BB822F6 /* Pods_UIDynamics.framework in Frameworks */ = {isa = PBXBuildFile; fileRef = 5C58D6959051775F7417AAE6 /* Pods_UIDynamics.framework */; };
		66C82D6D2918D9D700455FB8 /* AppDelegate.swift in Sources */ = {isa = PBXBuildFile; fileRef = 66C82D6C2918D9D700455FB8 /* AppDelegate.swift */; };
		66C82D6F2918D9D700455FB8 /* SceneDelegate.swift in Sources */ = {isa = PBXBuildFile; fileRef = 66C82D6E2918D9D700455FB8 /* SceneDelegate.swift */; };
		66C82D712918D9D700455FB8 /* ViewController.swift in Sources */ = {isa = PBXBuildFile; fileRef = 66C82D702918D9D700455FB8 /* ViewController.swift */; };
		66C82D742918D9D700455FB8 /* Main.storyboard in Resources */ = {isa = PBXBuildFile; fileRef = 66C82D722918D9D700455FB8 /* Main.storyboard */; };
		66C82D762918D9D800455FB8 /* Assets.xcassets in Resources */ = {isa = PBXBuildFile; fileRef = 66C82D752918D9D800455FB8 /* Assets.xcassets */; };
		66C82D792918D9D800455FB8 /* LaunchScreen.storyboard in Resources */ = {isa = PBXBuildFile; fileRef = 66C82D772918D9D800455FB8 /* LaunchScreen.storyboard */; };
		66C82D842918D9D800455FB8 /* UIDynamicsTests.swift in Sources */ = {isa = PBXBuildFile; fileRef = 66C82D832918D9D800455FB8 /* UIDynamicsTests.swift */; };
		66C82D8E2918D9D800455FB8 /* UIDynamicsUITests.swift in Sources */ = {isa = PBXBuildFile; fileRef = 66C82D8D2918D9D800455FB8 /* UIDynamicsUITests.swift */; };
		66C82D902918D9D800455FB8 /* UIDynamicsUITestsLaunchTests.swift in Sources */ = {isa = PBXBuildFile; fileRef = 66C82D8F2918D9D800455FB8 /* UIDynamicsUITestsLaunchTests.swift */; };
		C7FF56EFE70D416C4DD16583 /* Pods_UIDynamicsTests.framework in Frameworks */ = {isa = PBXBuildFile; fileRef = B33723EBC9B0D54D91516E10 /* Pods_UIDynamicsTests.framework */; };
		DAFB773A0F94573C48317405 /* Pods_UIDynamics_UIDynamicsUITests.framework in Frameworks */ = {isa = PBXBuildFile; fileRef = 55BE8C33CBCABB75C6D78FFE /* Pods_UIDynamics_UIDynamicsUITests.framework */; };
/* End PBXBuildFile section */

/* Begin PBXContainerItemProxy section */
		66C82D802918D9D800455FB8 /* PBXContainerItemProxy */ = {
			isa = PBXContainerItemProxy;
			containerPortal = 66C82D612918D9D700455FB8 /* Project object */;
			proxyType = 1;
			remoteGlobalIDString = 66C82D682918D9D700455FB8;
			remoteInfo = UIDynamics;
		};
		66C82D8A2918D9D800455FB8 /* PBXContainerItemProxy */ = {
			isa = PBXContainerItemProxy;
			containerPortal = 66C82D612918D9D700455FB8 /* Project object */;
			proxyType = 1;
			remoteGlobalIDString = 66C82D682918D9D700455FB8;
			remoteInfo = UIDynamics;
		};
/* End PBXContainerItemProxy section */

/* Begin PBXFileReference section */
		128C7C3B7B9E5A1CF74F18DA /* Pods-UIDynamics.release.xcconfig */ = {isa = PBXFileReference; includeInIndex = 1; lastKnownFileType = text.xcconfig; name = "Pods-UIDynamics.release.xcconfig"; path = "Target Support Files/Pods-UIDynamics/Pods-UIDynamics.release.xcconfig"; sourceTree = "<group>"; };
		3602757C3F419735A31119C6 /* Pods-UIDynamics-UIDynamicsUITests.debug.xcconfig */ = {isa = PBXFileReference; includeInIndex = 1; lastKnownFileType = text.xcconfig; name = "Pods-UIDynamics-UIDynamicsUITests.debug.xcconfig"; path = "Target Support Files/Pods-UIDynamics-UIDynamicsUITests/Pods-UIDynamics-UIDynamicsUITests.debug.xcconfig"; sourceTree = "<group>"; };
		38A730511680DE90FE41C81A /* Pods-UIDynamicsTests.debug.xcconfig */ = {isa = PBXFileReference; includeInIndex = 1; lastKnownFileType = text.xcconfig; name = "Pods-UIDynamicsTests.debug.xcconfig"; path = "Target Support Files/Pods-UIDynamicsTests/Pods-UIDynamicsTests.debug.xcconfig"; sourceTree = "<group>"; };
		55BE8C33CBCABB75C6D78FFE /* Pods_UIDynamics_UIDynamicsUITests.framework */ = {isa = PBXFileReference; explicitFileType = wrapper.framework; includeInIndex = 0; path = Pods_UIDynamics_UIDynamicsUITests.framework; sourceTree = BUILT_PRODUCTS_DIR; };
		5C58D6959051775F7417AAE6 /* Pods_UIDynamics.framework */ = {isa = PBXFileReference; explicitFileType = wrapper.framework; includeInIndex = 0; path = Pods_UIDynamics.framework; sourceTree = BUILT_PRODUCTS_DIR; };
		64915067EF3149DEB51E8BF0 /* Pods-UIDynamics-UIDynamicsUITests.release.xcconfig */ = {isa = PBXFileReference; includeInIndex = 1; lastKnownFileType = text.xcconfig; name = "Pods-UIDynamics-UIDynamicsUITests.release.xcconfig"; path = "Target Support Files/Pods-UIDynamics-UIDynamicsUITests/Pods-UIDynamics-UIDynamicsUITests.release.xcconfig"; sourceTree = "<group>"; };
		66C82D692918D9D700455FB8 /* UIDynamics.app */ = {isa = PBXFileReference; explicitFileType = wrapper.application; includeInIndex = 0; path = UIDynamics.app; sourceTree = BUILT_PRODUCTS_DIR; };
		66C82D6C2918D9D700455FB8 /* AppDelegate.swift */ = {isa = PBXFileReference; lastKnownFileType = sourcecode.swift; path = AppDelegate.swift; sourceTree = "<group>"; };
		66C82D6E2918D9D700455FB8 /* SceneDelegate.swift */ = {isa = PBXFileReference; lastKnownFileType = sourcecode.swift; path = SceneDelegate.swift; sourceTree = "<group>"; };
		66C82D702918D9D700455FB8 /* ViewController.swift */ = {isa = PBXFileReference; lastKnownFileType = sourcecode.swift; path = ViewController.swift; sourceTree = "<group>"; };
		66C82D732918D9D700455FB8 /* Base */ = {isa = PBXFileReference; lastKnownFileType = file.storyboard; name = Base; path = Base.lproj/Main.storyboard; sourceTree = "<group>"; };
		66C82D752918D9D800455FB8 /* Assets.xcassets */ = {isa = PBXFileReference; lastKnownFileType = folder.assetcatalog; path = Assets.xcassets; sourceTree = "<group>"; };
		66C82D782918D9D800455FB8 /* Base */ = {isa = PBXFileReference; lastKnownFileType = file.storyboard; name = Base; path = Base.lproj/LaunchScreen.storyboard; sourceTree = "<group>"; };
		66C82D7A2918D9D800455FB8 /* Info.plist */ = {isa = PBXFileReference; lastKnownFileType = text.plist.xml; path = Info.plist; sourceTree = "<group>"; };
		66C82D7F2918D9D800455FB8 /* UIDynamicsTests.xctest */ = {isa = PBXFileReference; explicitFileType = wrapper.cfbundle; includeInIndex = 0; path = UIDynamicsTests.xctest; sourceTree = BUILT_PRODUCTS_DIR; };
		66C82D832918D9D800455FB8 /* UIDynamicsTests.swift */ = {isa = PBXFileReference; lastKnownFileType = sourcecode.swift; path = UIDynamicsTests.swift; sourceTree = "<group>"; };
		66C82D892918D9D800455FB8 /* UIDynamicsUITests.xctest */ = {isa = PBXFileReference; explicitFileType = wrapper.cfbundle; includeInIndex = 0; path = UIDynamicsUITests.xctest; sourceTree = BUILT_PRODUCTS_DIR; };
		66C82D8D2918D9D800455FB8 /* UIDynamicsUITests.swift */ = {isa = PBXFileReference; lastKnownFileType = sourcecode.swift; path = UIDynamicsUITests.swift; sourceTree = "<group>"; };
		66C82D8F2918D9D800455FB8 /* UIDynamicsUITestsLaunchTests.swift */ = {isa = PBXFileReference; lastKnownFileType = sourcecode.swift; path = UIDynamicsUITestsLaunchTests.swift; sourceTree = "<group>"; };
		7A4FDC36F6540ED0A0AA0EBF /* Pods-UIDynamicsTests.release.xcconfig */ = {isa = PBXFileReference; includeInIndex = 1; lastKnownFileType = text.xcconfig; name = "Pods-UIDynamicsTests.release.xcconfig"; path = "Target Support Files/Pods-UIDynamicsTests/Pods-UIDynamicsTests.release.xcconfig"; sourceTree = "<group>"; };
		85E0844114BAE19A12FCB59E /* Pods-UIDynamics.debug.xcconfig */ = {isa = PBXFileReference; includeInIndex = 1; lastKnownFileType = text.xcconfig; name = "Pods-UIDynamics.debug.xcconfig"; path = "Target Support Files/Pods-UIDynamics/Pods-UIDynamics.debug.xcconfig"; sourceTree = "<group>"; };
		B33723EBC9B0D54D91516E10 /* Pods_UIDynamicsTests.framework */ = {isa = PBXFileReference; explicitFileType = wrapper.framework; includeInIndex = 0; path = Pods_UIDynamicsTests.framework; sourceTree = BUILT_PRODUCTS_DIR; };
/* End PBXFileReference section */

/* Begin PBXFrameworksBuildPhase section */
		66C82D662918D9D700455FB8 /* Frameworks */ = {
			isa = PBXFrameworksBuildPhase;
			buildActionMask = 2147483647;
			files = (
				3DD0CE673D92A8433BB822F6 /* Pods_UIDynamics.framework in Frameworks */,
			);
			runOnlyForDeploymentPostprocessing = 0;
		};
		66C82D7C2918D9D800455FB8 /* Frameworks */ = {
			isa = PBXFrameworksBuildPhase;
			buildActionMask = 2147483647;
			files = (
				C7FF56EFE70D416C4DD16583 /* Pods_UIDynamicsTests.framework in Frameworks */,
			);
			runOnlyForDeploymentPostprocessing = 0;
		};
		66C82D862918D9D800455FB8 /* Frameworks */ = {
			isa = PBXFrameworksBuildPhase;
			buildActionMask = 2147483647;
			files = (
				DAFB773A0F94573C48317405 /* Pods_UIDynamics_UIDynamicsUITests.framework in Frameworks */,
			);
			runOnlyForDeploymentPostprocessing = 0;
		};
/* End PBXFrameworksBuildPhase section */

/* Begin PBXGroup section */
		5F8EBB757B86CF7C8FBED548 /* Frameworks */ = {
			isa = PBXGroup;
			children = (
				5C58D6959051775F7417AAE6 /* Pods_UIDynamics.framework */,
				55BE8C33CBCABB75C6D78FFE /* Pods_UIDynamics_UIDynamicsUITests.framework */,
				B33723EBC9B0D54D91516E10 /* Pods_UIDynamicsTests.framework */,
			);
			name = Frameworks;
			sourceTree = "<group>";
		};
		66C82D602918D9D700455FB8 = {
			isa = PBXGroup;
			children = (
				66C82D6B2918D9D700455FB8 /* UIDynamics */,
				66C82D822918D9D800455FB8 /* UIDynamicsTests */,
				66C82D8C2918D9D800455FB8 /* UIDynamicsUITests */,
				66C82D6A2918D9D700455FB8 /* Products */,
				EBD15228DCD5BD48A76843D0 /* Pods */,
				5F8EBB757B86CF7C8FBED548 /* Frameworks */,
			);
			sourceTree = "<group>";
		};
		66C82D6A2918D9D700455FB8 /* Products */ = {
			isa = PBXGroup;
			children = (
				66C82D692918D9D700455FB8 /* UIDynamics.app */,
				66C82D7F2918D9D800455FB8 /* UIDynamicsTests.xctest */,
				66C82D892918D9D800455FB8 /* UIDynamicsUITests.xctest */,
			);
			name = Products;
			sourceTree = "<group>";
		};
		66C82D6B2918D9D700455FB8 /* UIDynamics */ = {
			isa = PBXGroup;
			children = (
				66C82D6C2918D9D700455FB8 /* AppDelegate.swift */,
				66C82D6E2918D9D700455FB8 /* SceneDelegate.swift */,
				66C82D702918D9D700455FB8 /* ViewController.swift */,
				66C82D722918D9D700455FB8 /* Main.storyboard */,
				66C82D752918D9D800455FB8 /* Assets.xcassets */,
				66C82D772918D9D800455FB8 /* LaunchScreen.storyboard */,
				66C82D7A2918D9D800455FB8 /* Info.plist */,
			);
			path = UIDynamics;
			sourceTree = "<group>";
		};
		66C82D822918D9D800455FB8 /* UIDynamicsTests */ = {
			isa = PBXGroup;
			children = (
				66C82D832918D9D800455FB8 /* UIDynamicsTests.swift */,
			);
			path = UIDynamicsTests;
			sourceTree = "<group>";
		};
		66C82D8C2918D9D800455FB8 /* UIDynamicsUITests */ = {
			isa = PBXGroup;
			children = (
				66C82D8D2918D9D800455FB8 /* UIDynamicsUITests.swift */,
				66C82D8F2918D9D800455FB8 /* UIDynamicsUITestsLaunchTests.swift */,
			);
			path = UIDynamicsUITests;
			sourceTree = "<group>";
		};
		EBD15228DCD5BD48A76843D0 /* Pods */ = {
			isa = PBXGroup;
			children = (
				85E0844114BAE19A12FCB59E /* Pods-UIDynamics.debug.xcconfig */,
				128C7C3B7B9E5A1CF74F18DA /* Pods-UIDynamics.release.xcconfig */,
				3602757C3F419735A31119C6 /* Pods-UIDynamics-UIDynamicsUITests.debug.xcconfig */,
				64915067EF3149DEB51E8BF0 /* Pods-UIDynamics-UIDynamicsUITests.release.xcconfig */,
				38A730511680DE90FE41C81A /* Pods-UIDynamicsTests.debug.xcconfig */,
				7A4FDC36F6540ED0A0AA0EBF /* Pods-UIDynamicsTests.release.xcconfig */,
			);
			name = Pods;
			path = Pods;
			sourceTree = "<group>";
		};
/* End PBXGroup section */

/* Begin PBXNativeTarget section */
		66C82D682918D9D700455FB8 /* UIDynamics */ = {
			isa = PBXNativeTarget;
			buildConfigurationList = 66C82D932918D9D800455FB8 /* Build configuration list for PBXNativeTarget "UIDynamics" */;
			buildPhases = (
				6DBB227DD15C31F86D17C0CC /* [CP] Check Pods Manifest.lock */,
				66C82D652918D9D700455FB8 /* Sources */,
				66C82D662918D9D700455FB8 /* Frameworks */,
				66C82D672918D9D700455FB8 /* Resources */,
				33BC52C0851D9776F91A3DE6 /* [CP] Embed Pods Frameworks */,
			);
			buildRules = (
			);
			dependencies = (
			);
			name = UIDynamics;
			productName = UIDynamics;
			productReference = 66C82D692918D9D700455FB8 /* UIDynamics.app */;
			productType = "com.apple.product-type.application";
		};
		66C82D7E2918D9D800455FB8 /* UIDynamicsTests */ = {
			isa = PBXNativeTarget;
			buildConfigurationList = 66C82D962918D9D800455FB8 /* Build configuration list for PBXNativeTarget "UIDynamicsTests" */;
			buildPhases = (
				7BB88C51EE672C1A32885230 /* [CP] Check Pods Manifest.lock */,
				66C82D7B2918D9D800455FB8 /* Sources */,
				66C82D7C2918D9D800455FB8 /* Frameworks */,
				66C82D7D2918D9D800455FB8 /* Resources */,
			);
			buildRules = (
			);
			dependencies = (
				66C82D812918D9D800455FB8 /* PBXTargetDependency */,
			);
			name = UIDynamicsTests;
			productName = UIDynamicsTests;
			productReference = 66C82D7F2918D9D800455FB8 /* UIDynamicsTests.xctest */;
			productType = "com.apple.product-type.bundle.unit-test";
		};
		66C82D882918D9D800455FB8 /* UIDynamicsUITests */ = {
			isa = PBXNativeTarget;
			buildConfigurationList = 66C82D992918D9D800455FB8 /* Build configuration list for PBXNativeTarget "UIDynamicsUITests" */;
			buildPhases = (
				290953D51C00C40CFF74A8A5 /* [CP] Check Pods Manifest.lock */,
				66C82D852918D9D800455FB8 /* Sources */,
				66C82D862918D9D800455FB8 /* Frameworks */,
				66C82D872918D9D800455FB8 /* Resources */,
				25AE7B9C2CA07E56D5509610 /* [CP] Embed Pods Frameworks */,
			);
			buildRules = (
			);
			dependencies = (
				66C82D8B2918D9D800455FB8 /* PBXTargetDependency */,
			);
			name = UIDynamicsUITests;
			productName = UIDynamicsUITests;
			productReference = 66C82D892918D9D800455FB8 /* UIDynamicsUITests.xctest */;
			productType = "com.apple.product-type.bundle.ui-testing";
		};
/* End PBXNativeTarget section */

/* Begin PBXProject section */
		66C82D612918D9D700455FB8 /* Project object */ = {
			isa = PBXProject;
			attributes = {
				BuildIndependentTargetsInParallel = 1;
				LastSwiftUpdateCheck = 1400;
				LastUpgradeCheck = 1400;
				TargetAttributes = {
					66C82D682918D9D700455FB8 = {
						CreatedOnToolsVersion = 14.0;
					};
					66C82D7E2918D9D800455FB8 = {
						CreatedOnToolsVersion = 14.0;
						TestTargetID = 66C82D682918D9D700455FB8;
					};
					66C82D882918D9D800455FB8 = {
						CreatedOnToolsVersion = 14.0;
						TestTargetID = 66C82D682918D9D700455FB8;
					};
				};
			};
			buildConfigurationList = 66C82D642918D9D700455FB8 /* Build configuration list for PBXProject "UIDynamics" */;
			compatibilityVersion = "Xcode 13.0";
			developmentRegion = en;
			hasScannedForEncodings = 0;
			knownRegions = (
				en,
				Base,
			);
			mainGroup = 66C82D602918D9D700455FB8;
			productRefGroup = 66C82D6A2918D9D700455FB8 /* Products */;
			projectDirPath = "";
			projectRoot = "";
			targets = (
				66C82D682918D9D700455FB8 /* UIDynamics */,
				66C82D7E2918D9D800455FB8 /* UIDynamicsTests */,
				66C82D882918D9D800455FB8 /* UIDynamicsUITests */,
			);
		};
/* End PBXProject section */

/* Begin PBXResourcesBuildPhase section */
		66C82D672918D9D700455FB8 /* Resources */ = {
			isa = PBXResourcesBuildPhase;
			buildActionMask = 2147483647;
			files = (
				66C82D792918D9D800455FB8 /* LaunchScreen.storyboard in Resources */,
				66C82D762918D9D800455FB8 /* Assets.xcassets in Resources */,
				66C82D742918D9D700455FB8 /* Main.storyboard in Resources */,
			);
			runOnlyForDeploymentPostprocessing = 0;
		};
		66C82D7D2918D9D800455FB8 /* Resources */ = {
			isa = PBXResourcesBuildPhase;
			buildActionMask = 2147483647;
			files = (
			);
			runOnlyForDeploymentPostprocessing = 0;
		};
		66C82D872918D9D800455FB8 /* Resources */ = {
			isa = PBXResourcesBuildPhase;
			buildActionMask = 2147483647;
			files = (
			);
			runOnlyForDeploymentPostprocessing = 0;
		};
/* End PBXResourcesBuildPhase section */

/* Begin PBXShellScriptBuildPhase section */
		25AE7B9C2CA07E56D5509610 /* [CP] Embed Pods Frameworks */ = {
			isa = PBXShellScriptBuildPhase;
			buildActionMask = 2147483647;
			files = (
			);
			inputFileListPaths = (
				"${PODS_ROOT}/Target Support Files/Pods-UIDynamics-UIDynamicsUITests/Pods-UIDynamics-UIDynamicsUITests-frameworks-${CONFIGURATION}-input-files.xcfilelist",
			);
			name = "[CP] Embed Pods Frameworks";
			outputFileListPaths = (
				"${PODS_ROOT}/Target Support Files/Pods-UIDynamics-UIDynamicsUITests/Pods-UIDynamics-UIDynamicsUITests-frameworks-${CONFIGURATION}-output-files.xcfilelist",
			);
			runOnlyForDeploymentPostprocessing = 0;
			shellPath = /bin/sh;
			shellScript = "\"${PODS_ROOT}/Target Support Files/Pods-UIDynamics-UIDynamicsUITests/Pods-UIDynamics-UIDynamicsUITests-frameworks.sh\"\n";
			showEnvVarsInLog = 0;
		};
		290953D51C00C40CFF74A8A5 /* [CP] Check Pods Manifest.lock */ = {
			isa = PBXShellScriptBuildPhase;
			buildActionMask = 2147483647;
			files = (
			);
			inputFileListPaths = (
			);
			inputPaths = (
				"${PODS_PODFILE_DIR_PATH}/Podfile.lock",
				"${PODS_ROOT}/Manifest.lock",
			);
			name = "[CP] Check Pods Manifest.lock";
			outputFileListPaths = (
			);
			outputPaths = (
				"$(DERIVED_FILE_DIR)/Pods-UIDynamics-UIDynamicsUITests-checkManifestLockResult.txt",
			);
			runOnlyForDeploymentPostprocessing = 0;
			shellPath = /bin/sh;
			shellScript = "diff \"${PODS_PODFILE_DIR_PATH}/Podfile.lock\" \"${PODS_ROOT}/Manifest.lock\" > /dev/null\nif [ $? != 0 ] ; then\n    # print error to STDERR\n    echo \"error: The sandbox is not in sync with the Podfile.lock. Run 'pod install' or update your CocoaPods installation.\" >&2\n    exit 1\nfi\n# This output is used by Xcode 'outputs' to avoid re-running this script phase.\necho \"SUCCESS\" > \"${SCRIPT_OUTPUT_FILE_0}\"\n";
			showEnvVarsInLog = 0;
		};
		33BC52C0851D9776F91A3DE6 /* [CP] Embed Pods Frameworks */ = {
			isa = PBXShellScriptBuildPhase;
			buildActionMask = 2147483647;
			files = (
			);
			inputFileListPaths = (
				"${PODS_ROOT}/Target Support Files/Pods-UIDynamics/Pods-UIDynamics-frameworks-${CONFIGURATION}-input-files.xcfilelist",
			);
			name = "[CP] Embed Pods Frameworks";
			outputFileListPaths = (
				"${PODS_ROOT}/Target Support Files/Pods-UIDynamics/Pods-UIDynamics-frameworks-${CONFIGURATION}-output-files.xcfilelist",
			);
			runOnlyForDeploymentPostprocessing = 0;
			shellPath = /bin/sh;
			shellScript = "\"${PODS_ROOT}/Target Support Files/Pods-UIDynamics/Pods-UIDynamics-frameworks.sh\"\n";
			showEnvVarsInLog = 0;
		};
		6DBB227DD15C31F86D17C0CC /* [CP] Check Pods Manifest.lock */ = {
			isa = PBXShellScriptBuildPhase;
			buildActionMask = 2147483647;
			files = (
			);
			inputFileListPaths = (
			);
			inputPaths = (
				"${PODS_PODFILE_DIR_PATH}/Podfile.lock",
				"${PODS_ROOT}/Manifest.lock",
			);
			name = "[CP] Check Pods Manifest.lock";
			outputFileListPaths = (
			);
			outputPaths = (
				"$(DERIVED_FILE_DIR)/Pods-UIDynamics-checkManifestLockResult.txt",
			);
			runOnlyForDeploymentPostprocessing = 0;
			shellPath = /bin/sh;
			shellScript = "diff \"${PODS_PODFILE_DIR_PATH}/Podfile.lock\" \"${PODS_ROOT}/Manifest.lock\" > /dev/null\nif [ $? != 0 ] ; then\n    # print error to STDERR\n    echo \"error: The sandbox is not in sync with the Podfile.lock. Run 'pod install' or update your CocoaPods installation.\" >&2\n    exit 1\nfi\n# This output is used by Xcode 'outputs' to avoid re-running this script phase.\necho \"SUCCESS\" > \"${SCRIPT_OUTPUT_FILE_0}\"\n";
			showEnvVarsInLog = 0;
		};
		7BB88C51EE672C1A32885230 /* [CP] Check Pods Manifest.lock */ = {
			isa = PBXShellScriptBuildPhase;
			buildActionMask = 2147483647;
			files = (
			);
			inputFileListPaths = (
			);
			inputPaths = (
				"${PODS_PODFILE_DIR_PATH}/Podfile.lock",
				"${PODS_ROOT}/Manifest.lock",
			);
			name = "[CP] Check Pods Manifest.lock";
			outputFileListPaths = (
			);
			outputPaths = (
				"$(DERIVED_FILE_DIR)/Pods-UIDynamicsTests-checkManifestLockResult.txt",
			);
			runOnlyForDeploymentPostprocessing = 0;
			shellPath = /bin/sh;
			shellScript = "diff \"${PODS_PODFILE_DIR_PATH}/Podfile.lock\" \"${PODS_ROOT}/Manifest.lock\" > /dev/null\nif [ $? != 0 ] ; then\n    # print error to STDERR\n    echo \"error: The sandbox is not in sync with the Podfile.lock. Run 'pod install' or update your CocoaPods installation.\" >&2\n    exit 1\nfi\n# This output is used by Xcode 'outputs' to avoid re-running this script phase.\necho \"SUCCESS\" > \"${SCRIPT_OUTPUT_FILE_0}\"\n";
			showEnvVarsInLog = 0;
		};
/* End PBXShellScriptBuildPhase section */

/* Begin PBXSourcesBuildPhase section */
		66C82D652918D9D700455FB8 /* Sources */ = {
			isa = PBXSourcesBuildPhase;
			buildActionMask = 2147483647;
			files = (
				66C82D712918D9D700455FB8 /* ViewController.swift in Sources */,
				66C82D6D2918D9D700455FB8 /* AppDelegate.swift in Sources */,
				66C82D6F2918D9D700455FB8 /* SceneDelegate.swift in Sources */,
			);
			runOnlyForDeploymentPostprocessing = 0;
		};
		66C82D7B2918D9D800455FB8 /* Sources */ = {
			isa = PBXSourcesBuildPhase;
			buildActionMask = 2147483647;
			files = (
				66C82D842918D9D800455FB8 /* UIDynamicsTests.swift in Sources */,
			);
			runOnlyForDeploymentPostprocessing = 0;
		};
		66C82D852918D9D800455FB8 /* Sources */ = {
			isa = PBXSourcesBuildPhase;
			buildActionMask = 2147483647;
			files = (
				66C82D902918D9D800455FB8 /* UIDynamicsUITestsLaunchTests.swift in Sources */,
				66C82D8E2918D9D800455FB8 /* UIDynamicsUITests.swift in Sources */,
			);
			runOnlyForDeploymentPostprocessing = 0;
		};
/* End PBXSourcesBuildPhase section */

/* Begin PBXTargetDependency section */
		66C82D812918D9D800455FB8 /* PBXTargetDependency */ = {
			isa = PBXTargetDependency;
			target = 66C82D682918D9D700455FB8 /* UIDynamics */;
			targetProxy = 66C82D802918D9D800455FB8 /* PBXContainerItemProxy */;
		};
		66C82D8B2918D9D800455FB8 /* PBXTargetDependency */ = {
			isa = PBXTargetDependency;
			target = 66C82D682918D9D700455FB8 /* UIDynamics */;
			targetProxy = 66C82D8A2918D9D800455FB8 /* PBXContainerItemProxy */;
		};
/* End PBXTargetDependency section */

/* Begin PBXVariantGroup section */
		66C82D722918D9D700455FB8 /* Main.storyboard */ = {
			isa = PBXVariantGroup;
			children = (
				66C82D732918D9D700455FB8 /* Base */,
			);
			name = Main.storyboard;
			sourceTree = "<group>";
		};
		66C82D772918D9D800455FB8 /* LaunchScreen.storyboard */ = {
			isa = PBXVariantGroup;
			children = (
				66C82D782918D9D800455FB8 /* Base */,
			);
			name = LaunchScreen.storyboard;
			sourceTree = "<group>";
		};
/* End PBXVariantGroup section */

/* Begin XCBuildConfiguration section */
		66C82D912918D9D800455FB8 /* Debug */ = {
			isa = XCBuildConfiguration;
			buildSettings = {
				ALWAYS_SEARCH_USER_PATHS = NO;
				CLANG_ANALYZER_NONNULL = YES;
				CLANG_ANALYZER_NUMBER_OBJECT_CONVERSION = YES_AGGRESSIVE;
				CLANG_CXX_LANGUAGE_STANDARD = "gnu++20";
				CLANG_ENABLE_MODULES = YES;
				CLANG_ENABLE_OBJC_ARC = YES;
				CLANG_ENABLE_OBJC_WEAK = YES;
				CLANG_WARN_BLOCK_CAPTURE_AUTORELEASING = YES;
				CLANG_WARN_BOOL_CONVERSION = YES;
				CLANG_WARN_COMMA = YES;
				CLANG_WARN_CONSTANT_CONVERSION = YES;
				CLANG_WARN_DEPRECATED_OBJC_IMPLEMENTATIONS = YES;
				CLANG_WARN_DIRECT_OBJC_ISA_USAGE = YES_ERROR;
				CLANG_WARN_DOCUMENTATION_COMMENTS = YES;
				CLANG_WARN_EMPTY_BODY = YES;
				CLANG_WARN_ENUM_CONVERSION = YES;
				CLANG_WARN_INFINITE_RECURSION = YES;
				CLANG_WARN_INT_CONVERSION = YES;
				CLANG_WARN_NON_LITERAL_NULL_CONVERSION = YES;
				CLANG_WARN_OBJC_IMPLICIT_RETAIN_SELF = YES;
				CLANG_WARN_OBJC_LITERAL_CONVERSION = YES;
				CLANG_WARN_OBJC_ROOT_CLASS = YES_ERROR;
				CLANG_WARN_QUOTED_INCLUDE_IN_FRAMEWORK_HEADER = YES;
				CLANG_WARN_RANGE_LOOP_ANALYSIS = YES;
				CLANG_WARN_STRICT_PROTOTYPES = YES;
				CLANG_WARN_SUSPICIOUS_MOVE = YES;
				CLANG_WARN_UNGUARDED_AVAILABILITY = YES_AGGRESSIVE;
				CLANG_WARN_UNREACHABLE_CODE = YES;
				CLANG_WARN__DUPLICATE_METHOD_MATCH = YES;
				COPY_PHASE_STRIP = NO;
				DEBUG_INFORMATION_FORMAT = dwarf;
				ENABLE_STRICT_OBJC_MSGSEND = YES;
				ENABLE_TESTABILITY = YES;
				GCC_C_LANGUAGE_STANDARD = gnu11;
				GCC_DYNAMIC_NO_PIC = NO;
				GCC_NO_COMMON_BLOCKS = YES;
				GCC_OPTIMIZATION_LEVEL = 0;
				GCC_PREPROCESSOR_DEFINITIONS = (
					"DEBUG=1",
					"$(inherited)",
				);
				GCC_WARN_64_TO_32_BIT_CONVERSION = YES;
				GCC_WARN_ABOUT_RETURN_TYPE = YES_ERROR;
				GCC_WARN_UNDECLARED_SELECTOR = YES;
				GCC_WARN_UNINITIALIZED_AUTOS = YES_AGGRESSIVE;
				GCC_WARN_UNUSED_FUNCTION = YES;
				GCC_WARN_UNUSED_VARIABLE = YES;
				IPHONEOS_DEPLOYMENT_TARGET = 16.0;
				MTL_ENABLE_DEBUG_INFO = INCLUDE_SOURCE;
				MTL_FAST_MATH = YES;
				ONLY_ACTIVE_ARCH = YES;
				SDKROOT = iphoneos;
				SWIFT_ACTIVE_COMPILATION_CONDITIONS = DEBUG;
				SWIFT_OPTIMIZATION_LEVEL = "-Onone";
			};
			name = Debug;
		};
		66C82D922918D9D800455FB8 /* Release */ = {
			isa = XCBuildConfiguration;
			buildSettings = {
				ALWAYS_SEARCH_USER_PATHS = NO;
				CLANG_ANALYZER_NONNULL = YES;
				CLANG_ANALYZER_NUMBER_OBJECT_CONVERSION = YES_AGGRESSIVE;
				CLANG_CXX_LANGUAGE_STANDARD = "gnu++20";
				CLANG_ENABLE_MODULES = YES;
				CLANG_ENABLE_OBJC_ARC = YES;
				CLANG_ENABLE_OBJC_WEAK = YES;
				CLANG_WARN_BLOCK_CAPTURE_AUTORELEASING = YES;
				CLANG_WARN_BOOL_CONVERSION = YES;
				CLANG_WARN_COMMA = YES;
				CLANG_WARN_CONSTANT_CONVERSION = YES;
				CLANG_WARN_DEPRECATED_OBJC_IMPLEMENTATIONS = YES;
				CLANG_WARN_DIRECT_OBJC_ISA_USAGE = YES_ERROR;
				CLANG_WARN_DOCUMENTATION_COMMENTS = YES;
				CLANG_WARN_EMPTY_BODY = YES;
				CLANG_WARN_ENUM_CONVERSION = YES;
				CLANG_WARN_INFINITE_RECURSION = YES;
				CLANG_WARN_INT_CONVERSION = YES;
				CLANG_WARN_NON_LITERAL_NULL_CONVERSION = YES;
				CLANG_WARN_OBJC_IMPLICIT_RETAIN_SELF = YES;
				CLANG_WARN_OBJC_LITERAL_CONVERSION = YES;
				CLANG_WARN_OBJC_ROOT_CLASS = YES_ERROR;
				CLANG_WARN_QUOTED_INCLUDE_IN_FRAMEWORK_HEADER = YES;
				CLANG_WARN_RANGE_LOOP_ANALYSIS = YES;
				CLANG_WARN_STRICT_PROTOTYPES = YES;
				CLANG_WARN_SUSPICIOUS_MOVE = YES;
				CLANG_WARN_UNGUARDED_AVAILABILITY = YES_AGGRESSIVE;
				CLANG_WARN_UNREACHABLE_CODE = YES;
				CLANG_WARN__DUPLICATE_METHOD_MATCH = YES;
				COPY_PHASE_STRIP = NO;
				DEBUG_INFORMATION_FORMAT = "dwarf-with-dsym";
				ENABLE_NS_ASSERTIONS = NO;
				ENABLE_STRICT_OBJC_MSGSEND = YES;
				GCC_C_LANGUAGE_STANDARD = gnu11;
				GCC_NO_COMMON_BLOCKS = YES;
				GCC_WARN_64_TO_32_BIT_CONVERSION = YES;
				GCC_WARN_ABOUT_RETURN_TYPE = YES_ERROR;
				GCC_WARN_UNDECLARED_SELECTOR = YES;
				GCC_WARN_UNINITIALIZED_AUTOS = YES_AGGRESSIVE;
				GCC_WARN_UNUSED_FUNCTION = YES;
				GCC_WARN_UNUSED_VARIABLE = YES;
				IPHONEOS_DEPLOYMENT_TARGET = 16.0;
				MTL_ENABLE_DEBUG_INFO = NO;
				MTL_FAST_MATH = YES;
				SDKROOT = iphoneos;
				SWIFT_COMPILATION_MODE = wholemodule;
				SWIFT_OPTIMIZATION_LEVEL = "-O";
				VALIDATE_PRODUCT = YES;
			};
			name = Release;
		};
		66C82D942918D9D800455FB8 /* Debug */ = {
			isa = XCBuildConfiguration;
			baseConfigurationReference = 85E0844114BAE19A12FCB59E /* Pods-UIDynamics.debug.xcconfig */;
			buildSettings = {
				ASSETCATALOG_COMPILER_APPICON_NAME = AppIcon;
				ASSETCATALOG_COMPILER_GLOBAL_ACCENT_COLOR_NAME = AccentColor;
				CODE_SIGN_STYLE = Automatic;
				CURRENT_PROJECT_VERSION = 1;
				DEVELOPMENT_TEAM = D84FVNJN58;
				GENERATE_INFOPLIST_FILE = YES;
				INFOPLIST_FILE = UIDynamics/Info.plist;
				INFOPLIST_KEY_UIApplicationSupportsIndirectInputEvents = YES;
				INFOPLIST_KEY_UILaunchStoryboardName = LaunchScreen;
				INFOPLIST_KEY_UIMainStoryboardFile = Main;
				INFOPLIST_KEY_UISupportedInterfaceOrientations_iPad = "UIInterfaceOrientationPortrait UIInterfaceOrientationPortraitUpsideDown UIInterfaceOrientationLandscapeLeft UIInterfaceOrientationLandscapeRight";
				INFOPLIST_KEY_UISupportedInterfaceOrientations_iPhone = "UIInterfaceOrientationPortrait UIInterfaceOrientationLandscapeLeft UIInterfaceOrientationLandscapeRight";
				LD_RUNPATH_SEARCH_PATHS = (
					"$(inherited)",
					"@executable_path/Frameworks",
				);
				MARKETING_VERSION = 1.0;
				PRODUCT_BUNDLE_IDENTIFIER = com.test.UIDynamics;
				PRODUCT_NAME = "$(TARGET_NAME)";
				SWIFT_EMIT_LOC_STRINGS = YES;
				SWIFT_VERSION = 5.0;
				TARGETED_DEVICE_FAMILY = "1,2";
			};
			name = Debug;
		};
		66C82D952918D9D800455FB8 /* Release */ = {
			isa = XCBuildConfiguration;
			baseConfigurationReference = 128C7C3B7B9E5A1CF74F18DA /* Pods-UIDynamics.release.xcconfig */;
			buildSettings = {
				ASSETCATALOG_COMPILER_APPICON_NAME = AppIcon;
				ASSETCATALOG_COMPILER_GLOBAL_ACCENT_COLOR_NAME = AccentColor;
				CODE_SIGN_STYLE = Automatic;
				CURRENT_PROJECT_VERSION = 1;
				DEVELOPMENT_TEAM = D84FVNJN58;
				GENERATE_INFOPLIST_FILE = YES;
				INFOPLIST_FILE = UIDynamics/Info.plist;
				INFOPLIST_KEY_UIApplicationSupportsIndirectInputEvents = YES;
				INFOPLIST_KEY_UILaunchStoryboardName = LaunchScreen;
				INFOPLIST_KEY_UIMainStoryboardFile = Main;
				INFOPLIST_KEY_UISupportedInterfaceOrientations_iPad = "UIInterfaceOrientationPortrait UIInterfaceOrientationPortraitUpsideDown UIInterfaceOrientationLandscapeLeft UIInterfaceOrientationLandscapeRight";
				INFOPLIST_KEY_UISupportedInterfaceOrientations_iPhone = "UIInterfaceOrientationPortrait UIInterfaceOrientationLandscapeLeft UIInterfaceOrientationLandscapeRight";
				LD_RUNPATH_SEARCH_PATHS = (
					"$(inherited)",
					"@executable_path/Frameworks",
				);
				MARKETING_VERSION = 1.0;
				PRODUCT_BUNDLE_IDENTIFIER = com.test.UIDynamics;
				PRODUCT_NAME = "$(TARGET_NAME)";
				SWIFT_EMIT_LOC_STRINGS = YES;
				SWIFT_VERSION = 5.0;
				TARGETED_DEVICE_FAMILY = "1,2";
			};
			name = Release;
		};
		66C82D972918D9D800455FB8 /* Debug */ = {
			isa = XCBuildConfiguration;
			baseConfigurationReference = 38A730511680DE90FE41C81A /* Pods-UIDynamicsTests.debug.xcconfig */;
			buildSettings = {
				ALWAYS_EMBED_SWIFT_STANDARD_LIBRARIES = YES;
				BUNDLE_LOADER = "$(TEST_HOST)";
				CODE_SIGN_STYLE = Automatic;
				CURRENT_PROJECT_VERSION = 1;
				DEVELOPMENT_TEAM = D84FVNJN58;
				GENERATE_INFOPLIST_FILE = YES;
				IPHONEOS_DEPLOYMENT_TARGET = 16.0;
				MARKETING_VERSION = 1.0;
				PRODUCT_BUNDLE_IDENTIFIER = com.test.UIDynamicsTests;
				PRODUCT_NAME = "$(TARGET_NAME)";
				SWIFT_EMIT_LOC_STRINGS = NO;
				SWIFT_VERSION = 5.0;
				TARGETED_DEVICE_FAMILY = "1,2";
				TEST_HOST = "$(BUILT_PRODUCTS_DIR)/UIDynamics.app/$(BUNDLE_EXECUTABLE_FOLDER_PATH)/UIDynamics";
			};
			name = Debug;
		};
		66C82D982918D9D800455FB8 /* Release */ = {
			isa = XCBuildConfiguration;
			baseConfigurationReference = 7A4FDC36F6540ED0A0AA0EBF /* Pods-UIDynamicsTests.release.xcconfig */;
			buildSettings = {
				ALWAYS_EMBED_SWIFT_STANDARD_LIBRARIES = YES;
				BUNDLE_LOADER = "$(TEST_HOST)";
				CODE_SIGN_STYLE = Automatic;
				CURRENT_PROJECT_VERSION = 1;
				DEVELOPMENT_TEAM = D84FVNJN58;
				GENERATE_INFOPLIST_FILE = YES;
				IPHONEOS_DEPLOYMENT_TARGET = 16.0;
				MARKETING_VERSION = 1.0;
				PRODUCT_BUNDLE_IDENTIFIER = com.test.UIDynamicsTests;
				PRODUCT_NAME = "$(TARGET_NAME)";
				SWIFT_EMIT_LOC_STRINGS = NO;
				SWIFT_VERSION = 5.0;
				TARGETED_DEVICE_FAMILY = "1,2";
				TEST_HOST = "$(BUILT_PRODUCTS_DIR)/UIDynamics.app/$(BUNDLE_EXECUTABLE_FOLDER_PATH)/UIDynamics";
			};
			name = Release;
		};
		66C82D9A2918D9D800455FB8 /* Debug */ = {
			isa = XCBuildConfiguration;
			baseConfigurationReference = 3602757C3F419735A31119C6 /* Pods-UIDynamics-UIDynamicsUITests.debug.xcconfig */;
			buildSettings = {
				ALWAYS_EMBED_SWIFT_STANDARD_LIBRARIES = YES;
				CODE_SIGN_STYLE = Automatic;
				CURRENT_PROJECT_VERSION = 1;
				DEVELOPMENT_TEAM = D84FVNJN58;
				GENERATE_INFOPLIST_FILE = YES;
				MARKETING_VERSION = 1.0;
				PRODUCT_BUNDLE_IDENTIFIER = com.test.UIDynamicsUITests;
				PRODUCT_NAME = "$(TARGET_NAME)";
				SWIFT_EMIT_LOC_STRINGS = NO;
				SWIFT_VERSION = 5.0;
				TARGETED_DEVICE_FAMILY = "1,2";
				TEST_TARGET_NAME = UIDynamics;
			};
			name = Debug;
		};
		66C82D9B2918D9D800455FB8 /* Release */ = {
			isa = XCBuildConfiguration;
			baseConfigurationReference = 64915067EF3149DEB51E8BF0 /* Pods-UIDynamics-UIDynamicsUITests.release.xcconfig */;
			buildSettings = {
				ALWAYS_EMBED_SWIFT_STANDARD_LIBRARIES = YES;
				CODE_SIGN_STYLE = Automatic;
				CURRENT_PROJECT_VERSION = 1;
				DEVELOPMENT_TEAM = D84FVNJN58;
				GENERATE_INFOPLIST_FILE = YES;
				MARKETING_VERSION = 1.0;
				PRODUCT_BUNDLE_IDENTIFIER = com.test.UIDynamicsUITests;
				PRODUCT_NAME = "$(TARGET_NAME)";
				SWIFT_EMIT_LOC_STRINGS = NO;
				SWIFT_VERSION = 5.0;
				TARGETED_DEVICE_FAMILY = "1,2";
				TEST_TARGET_NAME = UIDynamics;
			};
			name = Release;
		};
/* End XCBuildConfiguration section */

/* Begin XCConfigurationList section */
		66C82D642918D9D700455FB8 /* Build configuration list for PBXProject "UIDynamics" */ = {
			isa = XCConfigurationList;
			buildConfigurations = (
				66C82D912918D9D800455FB8 /* Debug */,
				66C82D922918D9D800455FB8 /* Release */,
			);
			defaultConfigurationIsVisible = 0;
			defaultConfigurationName = Release;
		};
		66C82D932918D9D800455FB8 /* Build configuration list for PBXNativeTarget "UIDynamics" */ = {
			isa = XCConfigurationList;
			buildConfigurations = (
				66C82D942918D9D800455FB8 /* Debug */,
				66C82D952918D9D800455FB8 /* Release */,
			);
			defaultConfigurationIsVisible = 0;
			defaultConfigurationName = Release;
		};
		66C82D962918D9D800455FB8 /* Build configuration list for PBXNativeTarget "UIDynamicsTests" */ = {
			isa = XCConfigurationList;
			buildConfigurations = (
				66C82D972918D9D800455FB8 /* Debug */,
				66C82D982918D9D800455FB8 /* Release */,
			);
			defaultConfigurationIsVisible = 0;
			defaultConfigurationName = Release;
		};
		66C82D992918D9D800455FB8 /* Build configuration list for PBXNativeTarget "UIDynamicsUITests" */ = {
			isa = XCConfigurationList;
			buildConfigurations = (
				66C82D9A2918D9D800455FB8 /* Debug */,
				66C82D9B2918D9D800455FB8 /* Release */,
			);
			defaultConfigurationIsVisible = 0;
			defaultConfigurationName = Release;
		};
/* End XCConfigurationList section */
	};
	rootObject = 66C82D612918D9D700455FB8 /* Project object */;
}
